// !$*UTF8*$!
{
	archiveVersion = 1;
	classes = {
	};
	objectVersion = 77;
	objects = {

/* Begin PBXBuildFile section */
		F794E7F32CE2A2470064C46D /* FirebaseAuth in Frameworks */ = {isa = PBXBuildFile; productRef = F794E7F22CE2A2470064C46D /* FirebaseAuth */; };
		F794E7F52CE2A2470064C46D /* FirebaseFirestore in Frameworks */ = {isa = PBXBuildFile; productRef = F794E7F42CE2A2470064C46D /* FirebaseFirestore */; };
		F794E7F72CE2A2470064C46D /* FirebaseStorage in Frameworks */ = {isa = PBXBuildFile; productRef = F794E7F62CE2A2470064C46D /* FirebaseStorage */; };
		F794E7FB2CE2A6840064C46D /* GoogleService-Info.plist in Resources */ = {isa = PBXBuildFile; fileRef = F794E7FA2CE2A6840064C46D /* GoogleService-Info.plist */; };
/* End PBXBuildFile section */

/* Begin PBXContainerItemProxy section */
		F789D5112CBB2FFF00A14C51 /* PBXContainerItemProxy */ = {
			isa = PBXContainerItemProxy;
			containerPortal = F789D4F82CBB2FFD00A14C51 /* Project object */;
			proxyType = 1;
			remoteGlobalIDString = F789D4FF2CBB2FFD00A14C51;
			remoteInfo = PrimosApp;
		};
		F789D51B2CBB2FFF00A14C51 /* PBXContainerItemProxy */ = {
			isa = PBXContainerItemProxy;
			containerPortal = F789D4F82CBB2FFD00A14C51 /* Project object */;
			proxyType = 1;
			remoteGlobalIDString = F789D4FF2CBB2FFD00A14C51;
			remoteInfo = PrimosApp;
		};
/* End PBXContainerItemProxy section */

/* Begin PBXFileReference section */
		F789D5002CBB2FFD00A14C51 /* PrimosApp.app */ = {isa = PBXFileReference; explicitFileType = wrapper.application; includeInIndex = 0; path = PrimosApp.app; sourceTree = BUILT_PRODUCTS_DIR; };
		F789D5102CBB2FFF00A14C51 /* PrimosAppTests.xctest */ = {isa = PBXFileReference; explicitFileType = wrapper.cfbundle; includeInIndex = 0; path = PrimosAppTests.xctest; sourceTree = BUILT_PRODUCTS_DIR; };
		F789D51A2CBB2FFF00A14C51 /* PrimosAppUITests.xctest */ = {isa = PBXFileReference; explicitFileType = wrapper.cfbundle; includeInIndex = 0; path = PrimosAppUITests.xctest; sourceTree = BUILT_PRODUCTS_DIR; };
		F794E7FA2CE2A6840064C46D /* GoogleService-Info.plist */ = {isa = PBXFileReference; lastKnownFileType = text.plist.xml; path = "GoogleService-Info.plist"; sourceTree = "<group>"; };
/* End PBXFileReference section */

/* Begin PBXFileSystemSynchronizedRootGroup section */
		F789D5022CBB2FFD00A14C51 /* PrimosApp */ = {
			isa = PBXFileSystemSynchronizedRootGroup;
			path = PrimosApp;
			sourceTree = "<group>";
		};
		F789D5132CBB2FFF00A14C51 /* PrimosAppTests */ = {
			isa = PBXFileSystemSynchronizedRootGroup;
			path = PrimosAppTests;
			sourceTree = "<group>";
		};
		F789D51D2CBB2FFF00A14C51 /* PrimosAppUITests */ = {
			isa = PBXFileSystemSynchronizedRootGroup;
			path = PrimosAppUITests;
			sourceTree = "<group>";
		};
/* End PBXFileSystemSynchronizedRootGroup section */

/* Begin PBXFrameworksBuildPhase section */
		F789D4FD2CBB2FFD00A14C51 /* Frameworks */ = {
			isa = PBXFrameworksBuildPhase;
			buildActionMask = 2147483647;
			files = (
				F794E7F32CE2A2470064C46D /* FirebaseAuth in Frameworks */,
				F794E7F52CE2A2470064C46D /* FirebaseFirestore in Frameworks */,
				F794E7F72CE2A2470064C46D /* FirebaseStorage in Frameworks */,
			);
			runOnlyForDeploymentPostprocessing = 0;
		};
		F789D50D2CBB2FFF00A14C51 /* Frameworks */ = {
			isa = PBXFrameworksBuildPhase;
			buildActionMask = 2147483647;
			files = (
			);
			runOnlyForDeploymentPostprocessing = 0;
		};
		F789D5172CBB2FFF00A14C51 /* Frameworks */ = {
			isa = PBXFrameworksBuildPhase;
			buildActionMask = 2147483647;
			files = (
			);
			runOnlyForDeploymentPostprocessing = 0;
		};
/* End PBXFrameworksBuildPhase section */

/* Begin PBXGroup section */
		F789D4F72CBB2FFD00A14C51 = {
			isa = PBXGroup;
			children = (
				F794E7FA2CE2A6840064C46D /* GoogleService-Info.plist */,
				F789D5022CBB2FFD00A14C51 /* PrimosApp */,
				F789D5132CBB2FFF00A14C51 /* PrimosAppTests */,
				F789D51D2CBB2FFF00A14C51 /* PrimosAppUITests */,
				F789D5012CBB2FFD00A14C51 /* Products */,
			);
			sourceTree = "<group>";
		};
		F789D5012CBB2FFD00A14C51 /* Products */ = {
			isa = PBXGroup;
			children = (
				F789D5002CBB2FFD00A14C51 /* PrimosApp.app */,
				F789D5102CBB2FFF00A14C51 /* PrimosAppTests.xctest */,
				F789D51A2CBB2FFF00A14C51 /* PrimosAppUITests.xctest */,
			);
			name = Products;
			sourceTree = "<group>";
		};
/* End PBXGroup section */

/* Begin PBXNativeTarget section */
		F789D4FF2CBB2FFD00A14C51 /* PrimosApp */ = {
			isa = PBXNativeTarget;
			buildConfigurationList = F789D5242CBB2FFF00A14C51 /* Build configuration list for PBXNativeTarget "PrimosApp" */;
			buildPhases = (
				F789D4FC2CBB2FFD00A14C51 /* Sources */,
				F789D4FD2CBB2FFD00A14C51 /* Frameworks */,
				F789D4FE2CBB2FFD00A14C51 /* Resources */,
			);
			buildRules = (
			);
			dependencies = (
			);
			fileSystemSynchronizedGroups = (
				F789D5022CBB2FFD00A14C51 /* PrimosApp */,
			);
			name = PrimosApp;
			packageProductDependencies = (
				F794E7F22CE2A2470064C46D /* FirebaseAuth */,
				F794E7F42CE2A2470064C46D /* FirebaseFirestore */,
				F794E7F62CE2A2470064C46D /* FirebaseStorage */,
			);
			productName = PrimosApp;
			productReference = F789D5002CBB2FFD00A14C51 /* PrimosApp.app */;
			productType = "com.apple.product-type.application";
		};
		F789D50F2CBB2FFF00A14C51 /* PrimosAppTests */ = {
			isa = PBXNativeTarget;
			buildConfigurationList = F789D5272CBB2FFF00A14C51 /* Build configuration list for PBXNativeTarget "PrimosAppTests" */;
			buildPhases = (
				F789D50C2CBB2FFF00A14C51 /* Sources */,
				F789D50D2CBB2FFF00A14C51 /* Frameworks */,
				F789D50E2CBB2FFF00A14C51 /* Resources */,
			);
			buildRules = (
			);
			dependencies = (
				F789D5122CBB2FFF00A14C51 /* PBXTargetDependency */,
			);
			fileSystemSynchronizedGroups = (
				F789D5132CBB2FFF00A14C51 /* PrimosAppTests */,
			);
			name = PrimosAppTests;
			packageProductDependencies = (
			);
			productName = PrimosAppTests;
			productReference = F789D5102CBB2FFF00A14C51 /* PrimosAppTests.xctest */;
			productType = "com.apple.product-type.bundle.unit-test";
		};
		F789D5192CBB2FFF00A14C51 /* PrimosAppUITests */ = {
			isa = PBXNativeTarget;
			buildConfigurationList = F789D52A2CBB2FFF00A14C51 /* Build configuration list for PBXNativeTarget "PrimosAppUITests" */;
			buildPhases = (
				F789D5162CBB2FFF00A14C51 /* Sources */,
				F789D5172CBB2FFF00A14C51 /* Frameworks */,
				F789D5182CBB2FFF00A14C51 /* Resources */,
			);
			buildRules = (
			);
			dependencies = (
				F789D51C2CBB2FFF00A14C51 /* PBXTargetDependency */,
			);
			fileSystemSynchronizedGroups = (
				F789D51D2CBB2FFF00A14C51 /* PrimosAppUITests */,
			);
			name = PrimosAppUITests;
			packageProductDependencies = (
			);
			productName = PrimosAppUITests;
			productReference = F789D51A2CBB2FFF00A14C51 /* PrimosAppUITests.xctest */;
			productType = "com.apple.product-type.bundle.ui-testing";
		};
/* End PBXNativeTarget section */

/* Begin PBXProject section */
		F789D4F82CBB2FFD00A14C51 /* Project object */ = {
			isa = PBXProject;
			attributes = {
				BuildIndependentTargetsInParallel = 1;
				LastSwiftUpdateCheck = 1600;
				LastUpgradeCheck = 1600;
				TargetAttributes = {
					F789D4FF2CBB2FFD00A14C51 = {
						CreatedOnToolsVersion = 16.0;
					};
					F789D50F2CBB2FFF00A14C51 = {
						CreatedOnToolsVersion = 16.0;
						TestTargetID = F789D4FF2CBB2FFD00A14C51;
					};
					F789D5192CBB2FFF00A14C51 = {
						CreatedOnToolsVersion = 16.0;
						TestTargetID = F789D4FF2CBB2FFD00A14C51;
					};
				};
			};
			buildConfigurationList = F789D4FB2CBB2FFD00A14C51 /* Build configuration list for PBXProject "PrimosApp" */;
			developmentRegion = en;
			hasScannedForEncodings = 0;
			knownRegions = (
				en,
				Base,
			);
			mainGroup = F789D4F72CBB2FFD00A14C51;
			minimizedProjectReferenceProxies = 1;
			packageReferences = (
				F794E7F12CE2A2470064C46D /* XCRemoteSwiftPackageReference "firebase-ios-sdk" */,
			);
			preferredProjectObjectVersion = 77;
			productRefGroup = F789D5012CBB2FFD00A14C51 /* Products */;
			projectDirPath = "";
			projectRoot = "";
			targets = (
				F789D4FF2CBB2FFD00A14C51 /* PrimosApp */,
				F789D50F2CBB2FFF00A14C51 /* PrimosAppTests */,
				F789D5192CBB2FFF00A14C51 /* PrimosAppUITests */,
			);
		};
/* End PBXProject section */

/* Begin PBXResourcesBuildPhase section */
		F789D4FE2CBB2FFD00A14C51 /* Resources */ = {
			isa = PBXResourcesBuildPhase;
			buildActionMask = 2147483647;
			files = (
				F794E7FB2CE2A6840064C46D /* GoogleService-Info.plist in Resources */,
			);
			runOnlyForDeploymentPostprocessing = 0;
		};
		F789D50E2CBB2FFF00A14C51 /* Resources */ = {
			isa = PBXResourcesBuildPhase;
			buildActionMask = 2147483647;
			files = (
			);
			runOnlyForDeploymentPostprocessing = 0;
		};
		F789D5182CBB2FFF00A14C51 /* Resources */ = {
			isa = PBXResourcesBuildPhase;
			buildActionMask = 2147483647;
			files = (
			);
			runOnlyForDeploymentPostprocessing = 0;
		};
/* End PBXResourcesBuildPhase section */

/* Begin PBXSourcesBuildPhase section */
		F789D4FC2CBB2FFD00A14C51 /* Sources */ = {
			isa = PBXSourcesBuildPhase;
			buildActionMask = 2147483647;
			files = (
			);
			runOnlyForDeploymentPostprocessing = 0;
		};
		F789D50C2CBB2FFF00A14C51 /* Sources */ = {
			isa = PBXSourcesBuildPhase;
			buildActionMask = 2147483647;
			files = (
			);
			runOnlyForDeploymentPostprocessing = 0;
		};
		F789D5162CBB2FFF00A14C51 /* Sources */ = {
			isa = PBXSourcesBuildPhase;
			buildActionMask = 2147483647;
			files = (
			);
			runOnlyForDeploymentPostprocessing = 0;
		};
/* End PBXSourcesBuildPhase section */

/* Begin PBXTargetDependency section */
		F789D5122CBB2FFF00A14C51 /* PBXTargetDependency */ = {
			isa = PBXTargetDependency;
			target = F789D4FF2CBB2FFD00A14C51 /* PrimosApp */;
			targetProxy = F789D5112CBB2FFF00A14C51 /* PBXContainerItemProxy */;
		};
		F789D51C2CBB2FFF00A14C51 /* PBXTargetDependency */ = {
			isa = PBXTargetDependency;
			target = F789D4FF2CBB2FFD00A14C51 /* PrimosApp */;
			targetProxy = F789D51B2CBB2FFF00A14C51 /* PBXContainerItemProxy */;
		};
/* End PBXTargetDependency section */

/* Begin XCBuildConfiguration section */
		F789D5222CBB2FFF00A14C51 /* Debug */ = {
			isa = XCBuildConfiguration;
			buildSettings = {
				ALWAYS_SEARCH_USER_PATHS = NO;
				ASSETCATALOG_COMPILER_GENERATE_SWIFT_ASSET_SYMBOL_EXTENSIONS = YES;
				CLANG_ANALYZER_NONNULL = YES;
				CLANG_ANALYZER_NUMBER_OBJECT_CONVERSION = YES_AGGRESSIVE;
				CLANG_CXX_LANGUAGE_STANDARD = "gnu++20";
				CLANG_ENABLE_MODULES = YES;
				CLANG_ENABLE_OBJC_ARC = YES;
				CLANG_ENABLE_OBJC_WEAK = YES;
				CLANG_WARN_BLOCK_CAPTURE_AUTORELEASING = YES;
				CLANG_WARN_BOOL_CONVERSION = YES;
				CLANG_WARN_COMMA = YES;
				CLANG_WARN_CONSTANT_CONVERSION = YES;
				CLANG_WARN_DEPRECATED_OBJC_IMPLEMENTATIONS = YES;
				CLANG_WARN_DIRECT_OBJC_ISA_USAGE = YES_ERROR;
				CLANG_WARN_DOCUMENTATION_COMMENTS = YES;
				CLANG_WARN_EMPTY_BODY = YES;
				CLANG_WARN_ENUM_CONVERSION = YES;
				CLANG_WARN_INFINITE_RECURSION = YES;
				CLANG_WARN_INT_CONVERSION = YES;
				CLANG_WARN_NON_LITERAL_NULL_CONVERSION = YES;
				CLANG_WARN_OBJC_IMPLICIT_RETAIN_SELF = YES;
				CLANG_WARN_OBJC_LITERAL_CONVERSION = YES;
				CLANG_WARN_OBJC_ROOT_CLASS = YES_ERROR;
				CLANG_WARN_QUOTED_INCLUDE_IN_FRAMEWORK_HEADER = YES;
				CLANG_WARN_RANGE_LOOP_ANALYSIS = YES;
				CLANG_WARN_STRICT_PROTOTYPES = YES;
				CLANG_WARN_SUSPICIOUS_MOVE = YES;
				CLANG_WARN_UNGUARDED_AVAILABILITY = YES_AGGRESSIVE;
				CLANG_WARN_UNREACHABLE_CODE = YES;
				CLANG_WARN__DUPLICATE_METHOD_MATCH = YES;
				COPY_PHASE_STRIP = NO;
				DEBUG_INFORMATION_FORMAT = dwarf;
				ENABLE_STRICT_OBJC_MSGSEND = YES;
				ENABLE_TESTABILITY = YES;
				ENABLE_USER_SCRIPT_SANDBOXING = YES;
				GCC_C_LANGUAGE_STANDARD = gnu17;
				GCC_DYNAMIC_NO_PIC = NO;
				GCC_NO_COMMON_BLOCKS = YES;
				GCC_OPTIMIZATION_LEVEL = 0;
				GCC_PREPROCESSOR_DEFINITIONS = (
					"DEBUG=1",
					"$(inherited)",
				);
				GCC_WARN_64_TO_32_BIT_CONVERSION = YES;
				GCC_WARN_ABOUT_RETURN_TYPE = YES_ERROR;
				GCC_WARN_UNDECLARED_SELECTOR = YES;
				GCC_WARN_UNINITIALIZED_AUTOS = YES_AGGRESSIVE;
				GCC_WARN_UNUSED_FUNCTION = YES;
				GCC_WARN_UNUSED_VARIABLE = YES;
				IPHONEOS_DEPLOYMENT_TARGET = 18.0;
				LOCALIZATION_PREFERS_STRING_CATALOGS = YES;
				MTL_ENABLE_DEBUG_INFO = INCLUDE_SOURCE;
				MTL_FAST_MATH = YES;
				ONLY_ACTIVE_ARCH = YES;
				SDKROOT = iphoneos;
				SWIFT_ACTIVE_COMPILATION_CONDITIONS = "DEBUG $(inherited)";
				SWIFT_OPTIMIZATION_LEVEL = "-Onone";
			};
			name = Debug;
		};
		F789D5232CBB2FFF00A14C51 /* Release */ = {
			isa = XCBuildConfiguration;
			buildSettings = {
				ALWAYS_SEARCH_USER_PATHS = NO;
				ASSETCATALOG_COMPILER_GENERATE_SWIFT_ASSET_SYMBOL_EXTENSIONS = YES;
				CLANG_ANALYZER_NONNULL = YES;
				CLANG_ANALYZER_NUMBER_OBJECT_CONVERSION = YES_AGGRESSIVE;
				CLANG_CXX_LANGUAGE_STANDARD = "gnu++20";
				CLANG_ENABLE_MODULES = YES;
				CLANG_ENABLE_OBJC_ARC = YES;
				CLANG_ENABLE_OBJC_WEAK = YES;
				CLANG_WARN_BLOCK_CAPTURE_AUTORELEASING = YES;
				CLANG_WARN_BOOL_CONVERSION = YES;
				CLANG_WARN_COMMA = YES;
				CLANG_WARN_CONSTANT_CONVERSION = YES;
				CLANG_WARN_DEPRECATED_OBJC_IMPLEMENTATIONS = YES;
				CLANG_WARN_DIRECT_OBJC_ISA_USAGE = YES_ERROR;
				CLANG_WARN_DOCUMENTATION_COMMENTS = YES;
				CLANG_WARN_EMPTY_BODY = YES;
				CLANG_WARN_ENUM_CONVERSION = YES;
				CLANG_WARN_INFINITE_RECURSION = YES;
				CLANG_WARN_INT_CONVERSION = YES;
				CLANG_WARN_NON_LITERAL_NULL_CONVERSION = YES;
				CLANG_WARN_OBJC_IMPLICIT_RETAIN_SELF = YES;
				CLANG_WARN_OBJC_LITERAL_CONVERSION = YES;
				CLANG_WARN_OBJC_ROOT_CLASS = YES_ERROR;
				CLANG_WARN_QUOTED_INCLUDE_IN_FRAMEWORK_HEADER = YES;
				CLANG_WARN_RANGE_LOOP_ANALYSIS = YES;
				CLANG_WARN_STRICT_PROTOTYPES = YES;
				CLANG_WARN_SUSPICIOUS_MOVE = YES;
				CLANG_WARN_UNGUARDED_AVAILABILITY = YES_AGGRESSIVE;
				CLANG_WARN_UNREACHABLE_CODE = YES;
				CLANG_WARN__DUPLICATE_METHOD_MATCH = YES;
				COPY_PHASE_STRIP = NO;
				DEBUG_INFORMATION_FORMAT = "dwarf-with-dsym";
				ENABLE_NS_ASSERTIONS = NO;
				ENABLE_STRICT_OBJC_MSGSEND = YES;
				ENABLE_USER_SCRIPT_SANDBOXING = YES;
				GCC_C_LANGUAGE_STANDARD = gnu17;
				GCC_NO_COMMON_BLOCKS = YES;
				GCC_WARN_64_TO_32_BIT_CONVERSION = YES;
				GCC_WARN_ABOUT_RETURN_TYPE = YES_ERROR;
				GCC_WARN_UNDECLARED_SELECTOR = YES;
				GCC_WARN_UNINITIALIZED_AUTOS = YES_AGGRESSIVE;
				GCC_WARN_UNUSED_FUNCTION = YES;
				GCC_WARN_UNUSED_VARIABLE = YES;
				IPHONEOS_DEPLOYMENT_TARGET = 18.0;
				LOCALIZATION_PREFERS_STRING_CATALOGS = YES;
				MTL_ENABLE_DEBUG_INFO = NO;
				MTL_FAST_MATH = YES;
				SDKROOT = iphoneos;
				SWIFT_COMPILATION_MODE = wholemodule;
				VALIDATE_PRODUCT = YES;
			};
			name = Release;
		};
		F789D5252CBB2FFF00A14C51 /* Debug */ = {
			isa = XCBuildConfiguration;
			buildSettings = {
				ASSETCATALOG_COMPILER_APPICON_NAME = AppIcon;
				ASSETCATALOG_COMPILER_GLOBAL_ACCENT_COLOR_NAME = AccentColor;
				CODE_SIGN_IDENTITY = "Apple Development";
				CODE_SIGN_STYLE = Automatic;
				CURRENT_PROJECT_VERSION = 1;
				DEVELOPMENT_ASSET_PATHS = "\"PrimosApp/Preview Content\"";
				DEVELOPMENT_TEAM = N29SR9QZ6X;
				ENABLE_PREVIEWS = YES;
				GENERATE_INFOPLIST_FILE = YES;
				INFOPLIST_KEY_NSCameraUsageDescription = "";
				INFOPLIST_KEY_UIApplicationSceneManifest_Generation = YES;
				INFOPLIST_KEY_UIApplicationSupportsIndirectInputEvents = YES;
				INFOPLIST_KEY_UILaunchScreen_Generation = YES;
				INFOPLIST_KEY_UISupportedInterfaceOrientations_iPad = "UIInterfaceOrientationPortrait UIInterfaceOrientationPortraitUpsideDown UIInterfaceOrientationLandscapeLeft UIInterfaceOrientationLandscapeRight";
				INFOPLIST_KEY_UISupportedInterfaceOrientations_iPhone = "UIInterfaceOrientationPortrait UIInterfaceOrientationLandscapeLeft UIInterfaceOrientationLandscapeRight";
				LD_RUNPATH_SEARCH_PATHS = (
					"$(inherited)",
					"@executable_path/Frameworks",
				);
				MARKETING_VERSION = 1.0;
				PRODUCT_BUNDLE_IDENTIFIER = caiceros.PrimosApp;
				PRODUCT_NAME = "$(TARGET_NAME)";
				PROVISIONING_PROFILE_SPECIFIER = "";
				SUPPORTED_PLATFORMS = "iphoneos iphonesimulator";
				SUPPORTS_MACCATALYST = NO;
				SUPPORTS_MAC_DESIGNED_FOR_IPHONE_IPAD = NO;
				SUPPORTS_XR_DESIGNED_FOR_IPHONE_IPAD = NO;
				SWIFT_EMIT_LOC_STRINGS = YES;
				SWIFT_VERSION = 5.0;
				TARGETED_DEVICE_FAMILY = 1;
			};
			name = Debug;
		};
		F789D5262CBB2FFF00A14C51 /* Release */ = {
			isa = XCBuildConfiguration;
			buildSettings = {
				ASSETCATALOG_COMPILER_APPICON_NAME = AppIcon;
				ASSETCATALOG_COMPILER_GLOBAL_ACCENT_COLOR_NAME = AccentColor;
				CODE_SIGN_IDENTITY = "Apple Development";
				CODE_SIGN_STYLE = Automatic;
				CURRENT_PROJECT_VERSION = 1;
				DEVELOPMENT_ASSET_PATHS = "\"PrimosApp/Preview Content\"";
				DEVELOPMENT_TEAM = N29SR9QZ6X;
				ENABLE_PREVIEWS = YES;
				GENERATE_INFOPLIST_FILE = YES;
				INFOPLIST_KEY_NSCameraUsageDescription = "";
				INFOPLIST_KEY_UIApplicationSceneManifest_Generation = YES;
				INFOPLIST_KEY_UIApplicationSupportsIndirectInputEvents = YES;
				INFOPLIST_KEY_UILaunchScreen_Generation = YES;
				INFOPLIST_KEY_UISupportedInterfaceOrientations_iPad = "UIInterfaceOrientationPortrait UIInterfaceOrientationPortraitUpsideDown UIInterfaceOrientationLandscapeLeft UIInterfaceOrientationLandscapeRight";
				INFOPLIST_KEY_UISupportedInterfaceOrientations_iPhone = "UIInterfaceOrientationPortrait UIInterfaceOrientationLandscapeLeft UIInterfaceOrientationLandscapeRight";
				LD_RUNPATH_SEARCH_PATHS = (
					"$(inherited)",
					"@executable_path/Frameworks",
				);
				MARKETING_VERSION = 1.0;
				PRODUCT_BUNDLE_IDENTIFIER = caiceros.PrimosApp;
				PRODUCT_NAME = "$(TARGET_NAME)";
				PROVISIONING_PROFILE_SPECIFIER = "";
				SUPPORTED_PLATFORMS = "iphoneos iphonesimulator";
				SUPPORTS_MACCATALYST = NO;
				SUPPORTS_MAC_DESIGNED_FOR_IPHONE_IPAD = NO;
				SUPPORTS_XR_DESIGNED_FOR_IPHONE_IPAD = NO;
				SWIFT_EMIT_LOC_STRINGS = YES;
				SWIFT_VERSION = 5.0;
				TARGETED_DEVICE_FAMILY = 1;
			};
			name = Release;
		};
		F789D5282CBB2FFF00A14C51 /* Debug */ = {
			isa = XCBuildConfiguration;
			buildSettings = {
				BUNDLE_LOADER = "$(TEST_HOST)";
				CODE_SIGN_STYLE = Automatic;
				CURRENT_PROJECT_VERSION = 1;
				DEVELOPMENT_TEAM = N29SR9QZ6X;
				GENERATE_INFOPLIST_FILE = YES;
				IPHONEOS_DEPLOYMENT_TARGET = 18.0;
				MARKETING_VERSION = 1.0;
				PRODUCT_BUNDLE_IDENTIFIER = dcf.PrimosAppTests;
				PRODUCT_NAME = "$(TARGET_NAME)";
				SWIFT_EMIT_LOC_STRINGS = NO;
				SWIFT_VERSION = 5.0;
				TARGETED_DEVICE_FAMILY = "1,2";
				TEST_HOST = "$(BUILT_PRODUCTS_DIR)/PrimosApp.app/$(BUNDLE_EXECUTABLE_FOLDER_PATH)/PrimosApp";
			};
			name = Debug;
		};
		F789D5292CBB2FFF00A14C51 /* Release */ = {
			isa = XCBuildConfiguration;
			buildSettings = {
				BUNDLE_LOADER = "$(TEST_HOST)";
				CODE_SIGN_STYLE = Automatic;
				CURRENT_PROJECT_VERSION = 1;
				DEVELOPMENT_TEAM = N29SR9QZ6X;
				GENERATE_INFOPLIST_FILE = YES;
				IPHONEOS_DEPLOYMENT_TARGET = 18.0;
				MARKETING_VERSION = 1.0;
				PRODUCT_BUNDLE_IDENTIFIER = dcf.PrimosAppTests;
				PRODUCT_NAME = "$(TARGET_NAME)";
				SWIFT_EMIT_LOC_STRINGS = NO;
				SWIFT_VERSION = 5.0;
				TARGETED_DEVICE_FAMILY = "1,2";
				TEST_HOST = "$(BUILT_PRODUCTS_DIR)/PrimosApp.app/$(BUNDLE_EXECUTABLE_FOLDER_PATH)/PrimosApp";
			};
			name = Release;
		};
		F789D52B2CBB2FFF00A14C51 /* Debug */ = {
			isa = XCBuildConfiguration;
			buildSettings = {
				CODE_SIGN_STYLE = Automatic;
				CURRENT_PROJECT_VERSION = 1;
				DEVELOPMENT_TEAM = N29SR9QZ6X;
				GENERATE_INFOPLIST_FILE = YES;
				MARKETING_VERSION = 1.0;
				PRODUCT_BUNDLE_IDENTIFIER = dcf.PrimosAppUITests;
				PRODUCT_NAME = "$(TARGET_NAME)";
				SWIFT_EMIT_LOC_STRINGS = NO;
				SWIFT_VERSION = 5.0;
				TARGETED_DEVICE_FAMILY = "1,2";
				TEST_TARGET_NAME = PrimosApp;
			};
			name = Debug;
		};
		F789D52C2CBB2FFF00A14C51 /* Release */ = {
			isa = XCBuildConfiguration;
			buildSettings = {
				CODE_SIGN_STYLE = Automatic;
				CURRENT_PROJECT_VERSION = 1;
				DEVELOPMENT_TEAM = N29SR9QZ6X;
				GENERATE_INFOPLIST_FILE = YES;
				MARKETING_VERSION = 1.0;
				PRODUCT_BUNDLE_IDENTIFIER = dcf.PrimosAppUITests;
				PRODUCT_NAME = "$(TARGET_NAME)";
				SWIFT_EMIT_LOC_STRINGS = NO;
				SWIFT_VERSION = 5.0;
				TARGETED_DEVICE_FAMILY = "1,2";
				TEST_TARGET_NAME = PrimosApp;
			};
			name = Release;
		};
/* End XCBuildConfiguration section */

/* Begin XCConfigurationList section */
		F789D4FB2CBB2FFD00A14C51 /* Build configuration list for PBXProject "PrimosApp" */ = {
			isa = XCConfigurationList;
			buildConfigurations = (
				F789D5222CBB2FFF00A14C51 /* Debug */,
				F789D5232CBB2FFF00A14C51 /* Release */,
			);
			defaultConfigurationIsVisible = 0;
			defaultConfigurationName = Release;
		};
		F789D5242CBB2FFF00A14C51 /* Build configuration list for PBXNativeTarget "PrimosApp" */ = {
			isa = XCConfigurationList;
			buildConfigurations = (
				F789D5252CBB2FFF00A14C51 /* Debug */,
				F789D5262CBB2FFF00A14C51 /* Release */,
			);
			defaultConfigurationIsVisible = 0;
			defaultConfigurationName = Release;
		};
		F789D5272CBB2FFF00A14C51 /* Build configuration list for PBXNativeTarget "PrimosAppTests" */ = {
			isa = XCConfigurationList;
			buildConfigurations = (
				F789D5282CBB2FFF00A14C51 /* Debug */,
				F789D5292CBB2FFF00A14C51 /* Release */,
			);
			defaultConfigurationIsVisible = 0;
			defaultConfigurationName = Release;
		};
		F789D52A2CBB2FFF00A14C51 /* Build configuration list for PBXNativeTarget "PrimosAppUITests" */ = {
			isa = XCConfigurationList;
			buildConfigurations = (
				F789D52B2CBB2FFF00A14C51 /* Debug */,
				F789D52C2CBB2FFF00A14C51 /* Release */,
			);
			defaultConfigurationIsVisible = 0;
			defaultConfigurationName = Release;
		};
/* End XCConfigurationList section */

/* Begin XCRemoteSwiftPackageReference section */
		F794E7F12CE2A2470064C46D /* XCRemoteSwiftPackageReference "firebase-ios-sdk" */ = {
			isa = XCRemoteSwiftPackageReference;
			repositoryURL = "https://github.com/firebase/firebase-ios-sdk";
			requirement = {
				kind = upToNextMajorVersion;
				minimumVersion = 11.4.0;
			};
		};
/* End XCRemoteSwiftPackageReference section */

/* Begin XCSwiftPackageProductDependency section */
		F794E7F22CE2A2470064C46D /* FirebaseAuth */ = {
			isa = XCSwiftPackageProductDependency;
			package = F794E7F12CE2A2470064C46D /* XCRemoteSwiftPackageReference "firebase-ios-sdk" */;
			productName = FirebaseAuth;
		};
		F794E7F42CE2A2470064C46D /* FirebaseFirestore */ = {
			isa = XCSwiftPackageProductDependency;
			package = F794E7F12CE2A2470064C46D /* XCRemoteSwiftPackageReference "firebase-ios-sdk" */;
			productName = FirebaseFirestore;
		};
		F794E7F62CE2A2470064C46D /* FirebaseStorage */ = {
			isa = XCSwiftPackageProductDependency;
			package = F794E7F12CE2A2470064C46D /* XCRemoteSwiftPackageReference "firebase-ios-sdk" */;
			productName = FirebaseStorage;
		};
/* End XCSwiftPackageProductDependency section */
	};
	rootObject = F789D4F82CBB2FFD00A14C51 /* Project object */;
}
